// !$*UTF8*$!
{
	archiveVersion = 1;
	classes = {
	};
	objectVersion = 46;
	objects = {

/* Begin PBXBuildFile section */
		DD016AC71A3794A600D2A61F /* AppDelegate.swift in Sources */ = {isa = PBXBuildFile; fileRef = DD016AC61A3794A600D2A61F /* AppDelegate.swift */; };
		DD016AC91A3794A600D2A61F /* ViewController.swift in Sources */ = {isa = PBXBuildFile; fileRef = DD016AC81A3794A600D2A61F /* ViewController.swift */; };
		DD016ACC1A3794A600D2A61F /* Main.storyboard in Resources */ = {isa = PBXBuildFile; fileRef = DD016ACA1A3794A600D2A61F /* Main.storyboard */; };
		DD016ACE1A3794A600D2A61F /* Images.xcassets in Resources */ = {isa = PBXBuildFile; fileRef = DD016ACD1A3794A600D2A61F /* Images.xcassets */; };
		DD016AD11A3794A600D2A61F /* LaunchScreen.xib in Resources */ = {isa = PBXBuildFile; fileRef = DD016ACF1A3794A600D2A61F /* LaunchScreen.xib */; };
		DD016ADD1A3794A600D2A61F /* HelloWorldSwiftTests.swift in Sources */ = {isa = PBXBuildFile; fileRef = DD016ADC1A3794A600D2A61F /* HelloWorldSwiftTests.swift */; };
/* End PBXBuildFile section */

/* Begin PBXContainerItemProxy section */
		DD016AD71A3794A600D2A61F /* PBXContainerItemProxy */ = {
			isa = PBXContainerItemProxy;
			containerPortal = DD016AB91A3794A600D2A61F /* Project object */;
			proxyType = 1;
			remoteGlobalIDString = DD016AC01A3794A600D2A61F;
			remoteInfo = HelloWorldSwift;
		};
/* End PBXContainerItemProxy section */

/* Begin PBXFileReference section */
		DD016AC11A3794A600D2A61F /* HelloWorldSwift.app */ = {isa = PBXFileReference; explicitFileType = wrapper.application; includeInIndex = 0; path = HelloWorldSwift.app; sourceTree = BUILT_PRODUCTS_DIR; };
		DD016AC51A3794A600D2A61F /* Info.plist */ = {isa = PBXFileReference; lastKnownFileType = text.plist.xml; path = Info.plist; sourceTree = "<group>"; };
		DD016AC61A3794A600D2A61F /* AppDelegate.swift */ = {isa = PBXFileReference; lastKnownFileType = sourcecode.swift; path = AppDelegate.swift; sourceTree = "<group>"; };
		DD016AC81A3794A600D2A61F /* ViewController.swift */ = {isa = PBXFileReference; lastKnownFileType = sourcecode.swift; path = ViewController.swift; sourceTree = "<group>"; };
		DD016ACB1A3794A600D2A61F /* Base */ = {isa = PBXFileReference; lastKnownFileType = file.storyboard; name = Base; path = Base.lproj/Main.storyboard; sourceTree = "<group>"; };
		DD016ACD1A3794A600D2A61F /* Images.xcassets */ = {isa = PBXFileReference; lastKnownFileType = folder.assetcatalog; path = Images.xcassets; sourceTree = "<group>"; };
		DD016AD01A3794A600D2A61F /* Base */ = {isa = PBXFileReference; lastKnownFileType = file.xib; name = Base; path = Base.lproj/LaunchScreen.xib; sourceTree = "<group>"; };
		DD016AD61A3794A600D2A61F /* HelloWorldSwiftTests.xctest */ = {isa = PBXFileReference; explicitFileType = wrapper.cfbundle; includeInIndex = 0; path = HelloWorldSwiftTests.xctest; sourceTree = BUILT_PRODUCTS_DIR; };
		DD016ADB1A3794A600D2A61F /* Info.plist */ = {isa = PBXFileReference; lastKnownFileType = text.plist.xml; path = Info.plist; sourceTree = "<group>"; };
		DD016ADC1A3794A600D2A61F /* HelloWorldSwiftTests.swift */ = {isa = PBXFileReference; lastKnownFileType = sourcecode.swift; path = HelloWorldSwiftTests.swift; sourceTree = "<group>"; };
/* End PBXFileReference section */

/* Begin PBXFrameworksBuildPhase section */
		DD016ABE1A3794A600D2A61F /* Frameworks */ = {
			isa = PBXFrameworksBuildPhase;
			buildActionMask = 2147483647;
			files = (
			);
			runOnlyForDeploymentPostprocessing = 0;
		};
		DD016AD31A3794A600D2A61F /* Frameworks */ = {
			isa = PBXFrameworksBuildPhase;
			buildActionMask = 2147483647;
			files = (
			);
			runOnlyForDeploymentPostprocessing = 0;
		};
/* End PBXFrameworksBuildPhase section */

/* Begin PBXGroup section */
		DD016AB81A3794A600D2A61F = {
			isa = PBXGroup;
			children = (
				DD016AC31A3794A600D2A61F /* HelloWorldSwift */,
				DD016AD91A3794A600D2A61F /* HelloWorldSwiftTests */,
				DD016AC21A3794A600D2A61F /* Products */,
			);
			sourceTree = "<group>";
		};
		DD016AC21A3794A600D2A61F /* Products */ = {
			isa = PBXGroup;
			children = (
				DD016AC11A3794A600D2A61F /* HelloWorldSwift.app */,
				DD016AD61A3794A600D2A61F /* HelloWorldSwiftTests.xctest */,
			);
			name = Products;
			sourceTree = "<group>";
		};
		DD016AC31A3794A600D2A61F /* HelloWorldSwift */ = {
			isa = PBXGroup;
			children = (
				DD016AC61A3794A600D2A61F /* AppDelegate.swift */,
				DD016AC81A3794A600D2A61F /* ViewController.swift */,
				DD016ACA1A3794A600D2A61F /* Main.storyboard */,
				DD016ACD1A3794A600D2A61F /* Images.xcassets */,
				DD016ACF1A3794A600D2A61F /* LaunchScreen.xib */,
				DD016AC41A3794A600D2A61F /* Supporting Files */,
			);
			path = HelloWorldSwift;
			sourceTree = "<group>";
		};
		DD016AC41A3794A600D2A61F /* Supporting Files */ = {
			isa = PBXGroup;
			children = (
				DD016AC51A3794A600D2A61F /* Info.plist */,
			);
			name = "Supporting Files";
			sourceTree = "<group>";
		};
		DD016AD91A3794A600D2A61F /* HelloWorldSwiftTests */ = {
			isa = PBXGroup;
			children = (
				DD016ADC1A3794A600D2A61F /* HelloWorldSwiftTests.swift */,
				DD016ADA1A3794A600D2A61F /* Supporting Files */,
			);
			path = HelloWorldSwiftTests;
			sourceTree = "<group>";
		};
		DD016ADA1A3794A600D2A61F /* Supporting Files */ = {
			isa = PBXGroup;
			children = (
				DD016ADB1A3794A600D2A61F /* Info.plist */,
			);
			name = "Supporting Files";
			sourceTree = "<group>";
		};
/* End PBXGroup section */

/* Begin PBXNativeTarget section */
		DD016AC01A3794A600D2A61F /* HelloWorldSwift */ = {
			isa = PBXNativeTarget;
			buildConfigurationList = DD016AE01A3794A600D2A61F /* Build configuration list for PBXNativeTarget "HelloWorldSwift" */;
			buildPhases = (
				DD016ABD1A3794A600D2A61F /* Sources */,
				DD016ABE1A3794A600D2A61F /* Frameworks */,
				DD016ABF1A3794A600D2A61F /* Resources */,
			);
			buildRules = (
			);
			dependencies = (
			);
			name = HelloWorldSwift;
			productName = HelloWorldSwift;
			productReference = DD016AC11A3794A600D2A61F /* HelloWorldSwift.app */;
			productType = "com.apple.product-type.application";
		};
		DD016AD51A3794A600D2A61F /* HelloWorldSwiftTests */ = {
			isa = PBXNativeTarget;
			buildConfigurationList = DD016AE31A3794A600D2A61F /* Build configuration list for PBXNativeTarget "HelloWorldSwiftTests" */;
			buildPhases = (
				DD016AD21A3794A600D2A61F /* Sources */,
				DD016AD31A3794A600D2A61F /* Frameworks */,
				DD016AD41A3794A600D2A61F /* Resources */,
			);
			buildRules = (
			);
			dependencies = (
				DD016AD81A3794A600D2A61F /* PBXTargetDependency */,
			);
			name = HelloWorldSwiftTests;
			productName = HelloWorldSwiftTests;
			productReference = DD016AD61A3794A600D2A61F /* HelloWorldSwiftTests.xctest */;
			productType = "com.apple.product-type.bundle.unit-test";
		};
/* End PBXNativeTarget section */

/* Begin PBXProject section */
		DD016AB91A3794A600D2A61F /* Project object */ = {
			isa = PBXProject;
			attributes = {
				LastUpgradeCheck = 0610;
				ORGANIZATIONNAME = "QuoVadis Gates";
				TargetAttributes = {
					DD016AC01A3794A600D2A61F = {
						CreatedOnToolsVersion = 6.1;
					};
					DD016AD51A3794A600D2A61F = {
						CreatedOnToolsVersion = 6.1;
						TestTargetID = DD016AC01A3794A600D2A61F;
					};
				};
			};
			buildConfigurationList = DD016ABC1A3794A600D2A61F /* Build configuration list for PBXProject "HelloWorldSwift" */;
			compatibilityVersion = "Xcode 3.2";
			developmentRegion = English;
			hasScannedForEncodings = 0;
			knownRegions = (
				en,
				Base,
			);
			mainGroup = DD016AB81A3794A600D2A61F;
			productRefGroup = DD016AC21A3794A600D2A61F /* Products */;
			projectDirPath = "";
			projectRoot = "";
			targets = (
				DD016AC01A3794A600D2A61F /* HelloWorldSwift */,
				DD016AD51A3794A600D2A61F /* HelloWorldSwiftTests */,
			);
		};
/* End PBXProject section */

/* Begin PBXResourcesBuildPhase section */
		DD016ABF1A3794A600D2A61F /* Resources */ = {
			isa = PBXResourcesBuildPhase;
			buildActionMask = 2147483647;
			files = (
				DD016ACC1A3794A600D2A61F /* Main.storyboard in Resources */,
				DD016AD11A3794A600D2A61F /* LaunchScreen.xib in Resources */,
				DD016ACE1A3794A600D2A61F /* Images.xcassets in Resources */,
			);
			runOnlyForDeploymentPostprocessing = 0;
		};
		DD016AD41A3794A600D2A61F /* Resources */ = {
			isa = PBXResourcesBuildPhase;
			buildActionMask = 2147483647;
			files = (
			);
			runOnlyForDeploymentPostprocessing = 0;
		};
/* End PBXResourcesBuildPhase section */

/* Begin PBXSourcesBuildPhase section */
		DD016ABD1A3794A600D2A61F /* Sources */ = {
			isa = PBXSourcesBuildPhase;
			buildActionMask = 2147483647;
			files = (
				DD016AC91A3794A600D2A61F /* ViewController.swift in Sources */,
				DD016AC71A3794A600D2A61F /* AppDelegate.swift in Sources */,
			);
			runOnlyForDeploymentPostprocessing = 0;
		};
		DD016AD21A3794A600D2A61F /* Sources */ = {
			isa = PBXSourcesBuildPhase;
			buildActionMask = 2147483647;
			files = (
				DD016ADD1A3794A600D2A61F /* HelloWorldSwiftTests.swift in Sources */,
			);
			runOnlyForDeploymentPostprocessing = 0;
		};
/* End PBXSourcesBuildPhase section */

/* Begin PBXTargetDependency section */
		DD016AD81A3794A600D2A61F /* PBXTargetDependency */ = {
			isa = PBXTargetDependency;
			target = DD016AC01A3794A600D2A61F /* HelloWorldSwift */;
			targetProxy = DD016AD71A3794A600D2A61F /* PBXContainerItemProxy */;
		};
/* End PBXTargetDependency section */

/* Begin PBXVariantGroup section */
		DD016ACA1A3794A600D2A61F /* Main.storyboard */ = {
			isa = PBXVariantGroup;
			children = (
				DD016ACB1A3794A600D2A61F /* Base */,
			);
			name = Main.storyboard;
			sourceTree = "<group>";
		};
		DD016ACF1A3794A600D2A61F /* LaunchScreen.xib */ = {
			isa = PBXVariantGroup;
			children = (
				DD016AD01A3794A600D2A61F /* Base */,
			);
			name = LaunchScreen.xib;
			sourceTree = "<group>";
		};
/* End PBXVariantGroup section */

/* Begin XCBuildConfiguration section */
		DD016ADE1A3794A600D2A61F /* Debug */ = {
			isa = XCBuildConfiguration;
			buildSettings = {
				ALWAYS_SEARCH_USER_PATHS = NO;
				CLANG_CXX_LANGUAGE_STANDARD = "gnu++0x";
				CLANG_CXX_LIBRARY = "libc++";
				CLANG_ENABLE_MODULES = YES;
				CLANG_ENABLE_OBJC_ARC = YES;
				CLANG_WARN_BOOL_CONVERSION = YES;
				CLANG_WARN_CONSTANT_CONVERSION = YES;
				CLANG_WARN_DIRECT_OBJC_ISA_USAGE = YES_ERROR;
				CLANG_WARN_EMPTY_BODY = YES;
				CLANG_WARN_ENUM_CONVERSION = YES;
				CLANG_WARN_INT_CONVERSION = YES;
				CLANG_WARN_OBJC_ROOT_CLASS = YES_ERROR;
				CLANG_WARN_UNREACHABLE_CODE = YES;
				CLANG_WARN__DUPLICATE_METHOD_MATCH = YES;
				"CODE_SIGN_IDENTITY[sdk=iphoneos*]" = "iPhone Developer";
				COPY_PHASE_STRIP = NO;
				ENABLE_STRICT_OBJC_MSGSEND = YES;
				GCC_C_LANGUAGE_STANDARD = gnu99;
				GCC_DYNAMIC_NO_PIC = NO;
				GCC_OPTIMIZATION_LEVEL = 0;
				GCC_PREPROCESSOR_DEFINITIONS = (
					"DEBUG=1",
					"$(inherited)",
				);
				GCC_SYMBOLS_PRIVATE_EXTERN = NO;
				GCC_WARN_64_TO_32_BIT_CONVERSION = YES;
				GCC_WARN_ABOUT_RETURN_TYPE = YES_ERROR;
				GCC_WARN_UNDECLARED_SELECTOR = YES;
				GCC_WARN_UNINITIALIZED_AUTOS = YES_AGGRESSIVE;
				GCC_WARN_UNUSED_FUNCTION = YES;
				GCC_WARN_UNUSED_VARIABLE = YES;
				IPHONEOS_DEPLOYMENT_TARGET = 8.1;
				MTL_ENABLE_DEBUG_INFO = YES;
				ONLY_ACTIVE_ARCH = YES;
				SDKROOT = iphoneos;
				SWIFT_OPTIMIZATION_LEVEL = "-Onone";
			};
			name = Debug;
		};
		DD016ADF1A3794A600D2A61F /* Release */ = {
			isa = XCBuildConfiguration;
			buildSettings = {
				ALWAYS_SEARCH_USER_PATHS = NO;
				CLANG_CXX_LANGUAGE_STANDARD = "gnu++0x";
				CLANG_CXX_LIBRARY = "libc++";
				CLANG_ENABLE_MODULES = YES;
				CLANG_ENABLE_OBJC_ARC = YES;
				CLANG_WARN_BOOL_CONVERSION = YES;
				CLANG_WARN_CONSTANT_CONVERSION = YES;
				CLANG_WARN_DIRECT_OBJC_ISA_USAGE = YES_ERROR;
				CLANG_WARN_EMPTY_BODY = YES;
				CLANG_WARN_ENUM_CONVERSION = YES;
				CLANG_WARN_INT_CONVERSION = YES;
				CLANG_WARN_OBJC_ROOT_CLASS = YES_ERROR;
				CLANG_WARN_UNREACHABLE_CODE = YES;
				CLANG_WARN__DUPLICATE_METHOD_MATCH = YES;
				"CODE_SIGN_IDENTITY[sdk=iphoneos*]" = "iPhone Developer";
				COPY_PHASE_STRIP = YES;
				ENABLE_NS_ASSERTIONS = NO;
				ENABLE_STRICT_OBJC_MSGSEND = YES;
				GCC_C_LANGUAGE_STANDARD = gnu99;
				GCC_WARN_64_TO_32_BIT_CONVERSION = YES;
				GCC_WARN_ABOUT_RETURN_TYPE = YES_ERROR;
				GCC_WARN_UNDECLARED_SELECTOR = YES;
				GCC_WARN_UNINITIALIZED_AUTOS = YES_AGGRESSIVE;
				GCC_WARN_UNUSED_FUNCTION = YES;
				GCC_WARN_UNUSED_VARIABLE = YES;
				IPHONEOS_DEPLOYMENT_TARGET = 8.1;
				MTL_ENABLE_DEBUG_INFO = NO;
				SDKROOT = iphoneos;
				VALIDATE_PRODUCT = YES;
			};
			name = Release;
		};
		DD016AE11A3794A600D2A61F /* Debug */ = {
			isa = XCBuildConfiguration;
			buildSettings = {
				ASSETCATALOG_COMPILER_APPICON_NAME = AppIcon;
				INFOPLIST_FILE = HelloWorldSwift/Info.plist;
				LD_RUNPATH_SEARCH_PATHS = "$(inherited) @executable_path/Frameworks";
				PRODUCT_NAME = "$(TARGET_NAME)";
			};
			name = Debug;
		};
		DD016AE21A3794A600D2A61F /* Release */ = {
			isa = XCBuildConfiguration;
			buildSettings = {
				ASSETCATALOG_COMPILER_APPICON_NAME = AppIcon;
				INFOPLIST_FILE = HelloWorldSwift/Info.plist;
				LD_RUNPATH_SEARCH_PATHS = "$(inherited) @executable_path/Frameworks";
				PRODUCT_NAME = "$(TARGET_NAME)";
			};
			name = Release;
		};
		DD016AE41A3794A600D2A61F /* Debug */ = {
			isa = XCBuildConfiguration;
			buildSettings = {
				BUNDLE_LOADER = "$(TEST_HOST)";
				FRAMEWORK_SEARCH_PATHS = (
					"$(SDKROOT)/Developer/Library/Frameworks",
					"$(inherited)",
				);
				GCC_PREPROCESSOR_DEFINITIONS = (
					"DEBUG=1",
					"$(inherited)",
				);
				INFOPLIST_FILE = HelloWorldSwiftTests/Info.plist;
				LD_RUNPATH_SEARCH_PATHS = "$(inherited) @executable_path/Frameworks @loader_path/Frameworks";
				PRODUCT_NAME = "$(TARGET_NAME)";
				TEST_HOST = "$(BUILT_PRODUCTS_DIR)/HelloWorldSwift.app/HelloWorldSwift";
			};
			name = Debug;
		};
		DD016AE51A3794A600D2A61F /* Release */ = {
			isa = XCBuildConfiguration;
			buildSettings = {
				BUNDLE_LOADER = "$(TEST_HOST)";
				FRAMEWORK_SEARCH_PATHS = (
					"$(SDKROOT)/Developer/Library/Frameworks",
					"$(inherited)",
				);
				INFOPLIST_FILE = HelloWorldSwiftTests/Info.plist;
				LD_RUNPATH_SEARCH_PATHS = "$(inherited) @executable_path/Frameworks @loader_path/Frameworks";
				PRODUCT_NAME = "$(TARGET_NAME)";
				TEST_HOST = "$(BUILT_PRODUCTS_DIR)/HelloWorldSwift.app/HelloWorldSwift";
			};
			name = Release;
		};
/* End XCBuildConfiguration section */

/* Begin XCConfigurationList section */
		DD016ABC1A3794A600D2A61F /* Build configuration list for PBXProject "HelloWorldSwift" */ = {
			isa = XCConfigurationList;
			buildConfigurations = (
				DD016ADE1A3794A600D2A61F /* Debug */,
				DD016ADF1A3794A600D2A61F /* Release */,
			);
			defaultConfigurationIsVisible = 0;
			defaultConfigurationName = Release;
		};
		DD016AE01A3794A600D2A61F /* Build configuration list for PBXNativeTarget "HelloWorldSwift" */ = {
			isa = XCConfigurationList;
			buildConfigurations = (
				DD016AE11A3794A600D2A61F /* Debug */,
				DD016AE21A3794A600D2A61F /* Release */,
			);
			defaultConfigurationIsVisible = 0;
		};
		DD016AE31A3794A600D2A61F /* Build configuration list for PBXNativeTarget "HelloWorldSwiftTests" */ = {
			isa = XCConfigurationList;
			buildConfigurations = (
				DD016AE41A3794A600D2A61F /* Debug */,
				DD016AE51A3794A600D2A61F /* Release */,
			);
			defaultConfigurationIsVisible = 0;
		};
/* End XCConfigurationList section */
	};
	rootObject = DD016AB91A3794A600D2A61F /* Project object */;
}
